
Microsoft Visual Studio Solution File, Format Version 12.00
# Visual Studio Version 16
VisualStudioVersion = 16.0.30104.148
MinimumVisualStudioVersion = 10.0.40219.1
Project("{FAE04EC0-301F-11D3-BF4B-00C04F79EFBC}") = "TimeTable_project", "TimeTable_project\TimeTable_project.csproj", "{75166572-EF45-47B2-81E4-03C1EFD63A2D}"
EndProject
Global
	GlobalSection(SolutionConfigurationPlatforms) = preSolution
		Debug|Any CPU = Debug|Any CPU
		Release|Any CPU = Release|Any CPU
	EndGlobalSection
	GlobalSection(ProjectConfigurationPlatforms) = postSolution
		{75166572-EF45-47B2-81E4-03C1EFD63A2D}.Debug|Any CPU.ActiveCfg = Debug|Any CPU
		{75166572-EF45-47B2-81E4-03C1EFD63A2D}.Debug|Any CPU.Build.0 = Debug|Any CPU
		{75166572-EF45-47B2-81E4-03C1EFD63A2D}.Release|Any CPU.ActiveCfg = Release|Any CPU
		{75166572-EF45-47B2-81E4-03C1EFD63A2D}.Release|Any CPU.Build.0 = Release|Any CPU
	EndGlobalSection
	GlobalSection(SolutionProperties) = preSolution
		HideSolutionNode = FALSE
	EndGlobalSection
	GlobalSection(ExtensibilityGlobals) = postSolution
		SolutionGuid = {CB95F6EC-263E-459E-846B-542336BDED5E}
	EndGlobalSection
EndGlobal
